
Microsoft Visual Studio Solution File, Format Version 12.00
Project("{FAE04EC0-301F-11D3-BF4B-00C04F79EFBC}") = "protoc-define-lua", "protoc-define-lua\protoc-define-lua.csproj", "{56F0F7A2-33F3-45C7-96F3-FB5061165FC8}"
EndProject
Global
	GlobalSection(SolutionConfigurationPlatforms) = preSolution
		Debug|Any CPU = Debug|Any CPU
		Release|Any CPU = Release|Any CPU
	EndGlobalSection
	GlobalSection(ProjectConfigurationPlatforms) = postSolution
		{56F0F7A2-33F3-45C7-96F3-FB5061165FC8}.Debug|Any CPU.ActiveCfg = Debug|Any CPU
		{56F0F7A2-33F3-45C7-96F3-FB5061165FC8}.Debug|Any CPU.Build.0 = Debug|Any CPU
		{56F0F7A2-33F3-45C7-96F3-FB5061165FC8}.Release|Any CPU.ActiveCfg = Release|Any CPU
		{56F0F7A2-33F3-45C7-96F3-FB5061165FC8}.Release|Any CPU.Build.0 = Release|Any CPU
	EndGlobalSection
EndGlobal
